
Microsoft Visual Studio Solution File, Format Version 12.00
# Visual Studio 2012
Project("{FAE04EC0-301F-11D3-BF4B-00C04F79EFBC}") = "iBeaconsEverywhere.iOS", "iBeaconsEverywhere.iOS\iBeaconsEverywhere.iOS.csproj", "{66E1563E-303E-4A1D-B999-47F6EA71D816}"
EndProject
Global
	GlobalSection(SolutionConfigurationPlatforms) = preSolution
		Debug|iPhoneSimulator = Debug|iPhoneSimulator
		Release|iPhoneSimulator = Release|iPhoneSimulator
		Debug|iPhone = Debug|iPhone
		Release|iPhone = Release|iPhone
		Ad-Hoc|iPhone = Ad-Hoc|iPhone
		AppStore|iPhone = AppStore|iPhone
	EndGlobalSection
	GlobalSection(ProjectConfigurationPlatforms) = postSolution
		{66E1563E-303E-4A1D-B999-47F6EA71D816}.Ad-Hoc|iPhone.ActiveCfg = Ad-Hoc|iPhone
		{66E1563E-303E-4A1D-B999-47F6EA71D816}.Ad-Hoc|iPhone.Build.0 = Ad-Hoc|iPhone
		{66E1563E-303E-4A1D-B999-47F6EA71D816}.AppStore|iPhone.ActiveCfg = AppStore|iPhone
		{66E1563E-303E-4A1D-B999-47F6EA71D816}.AppStore|iPhone.Build.0 = AppStore|iPhone
		{66E1563E-303E-4A1D-B999-47F6EA71D816}.Debug|iPhone.ActiveCfg = Debug|iPhone
		{66E1563E-303E-4A1D-B999-47F6EA71D816}.Debug|iPhone.Build.0 = Debug|iPhone
		{66E1563E-303E-4A1D-B999-47F6EA71D816}.Debug|iPhoneSimulator.ActiveCfg = Debug|iPhoneSimulator
		{66E1563E-303E-4A1D-B999-47F6EA71D816}.Debug|iPhoneSimulator.Build.0 = Debug|iPhoneSimulator
		{66E1563E-303E-4A1D-B999-47F6EA71D816}.Release|iPhone.ActiveCfg = Release|iPhone
		{66E1563E-303E-4A1D-B999-47F6EA71D816}.Release|iPhone.Build.0 = Release|iPhone
		{66E1563E-303E-4A1D-B999-47F6EA71D816}.Release|iPhoneSimulator.ActiveCfg = Release|iPhoneSimulator
		{66E1563E-303E-4A1D-B999-47F6EA71D816}.Release|iPhoneSimulator.Build.0 = Release|iPhoneSimulator
	EndGlobalSection
	GlobalSection(MonoDevelopProperties) = preSolution
		StartupItem = iBeaconsEverywhere.iOS\iBeaconsEverywhere.iOS.csproj
	EndGlobalSection
EndGlobal
